{
  "name": "pure-nodejs",
  "version": "1.0.0",
  "lockfileVersion": 2,
  "requires": true,
  "packages": {
    "": {
      "name": "pure-nodejs",
      "version": "1.0.0",
      "license": "ISC",
      "dependencies": {
        "structured-log": "^0.2.0",
        "wj-config": "^2.0.0-beta.2"
      }
    },
    "node_modules/structured-log": {
      "version": "0.2.0",
      "resolved": "https://registry.npmjs.org/structured-log/-/structured-log-0.2.0.tgz",
      "integrity": "sha512-W3Tps8PN5Mon37955/wuZZSXwBXiB52AUnd/oPVdmo+O+mLkr2fNajV6821gJ8irrgVQx3gYOqSWPMgj7Dy3Yg=="
    },
    "node_modules/wj-config": {
      "version": "2.0.0-rc.0",
      "resolved": "https://registry.npmjs.org/wj-config/-/wj-config-2.0.0-rc.0.tgz",
      "integrity": "sha512-kl8HpRblcaQBjS1yuCwY2zul6dLMHzuCZ+Cf/W0uUIWFLkDgXmCNsXY4uf7EflNw/d4tUpnAvFCvE0ihdNEqTg==",
      "engines": {
        "node": ">=16.9.0"
      }
    }
  },
  "dependencies": {
    "structured-log": {
      "version": "0.2.0",
      "resolved": "https://registry.npmjs.org/structured-log/-/structured-log-0.2.0.tgz",
      "integrity": "sha512-W3Tps8PN5Mon37955/wuZZSXwBXiB52AUnd/oPVdmo+O+mLkr2fNajV6821gJ8irrgVQx3gYOqSWPMgj7Dy3Yg=="
    },
    "wj-config": {
      "version": "2.0.0-rc.0",
      "resolved": "https://registry.npmjs.org/wj-config/-/wj-config-2.0.0-rc.0.tgz",
      "integrity": "sha512-kl8HpRblcaQBjS1yuCwY2zul6dLMHzuCZ+Cf/W0uUIWFLkDgXmCNsXY4uf7EflNw/d4tUpnAvFCvE0ihdNEqTg=="
    }
  }
}
