{
  "name": "pure-nodejs",
  "version": "1.0.0",
  "lockfileVersion": 2,
  "requires": true,
  "packages": {
    "": {
      "name": "pure-nodejs",
      "version": "1.0.0",
      "license": "ISC",
      "dependencies": {
        "wj-config": "2.0.0-beta.0"
      }
    },
    "node_modules/wj-config": {
      "version": "2.0.0-beta.0",
      "resolved": "https://registry.npmjs.org/wj-config/-/wj-config-2.0.0-beta.0.tgz",
      "integrity": "sha512-m5LAAnX5VZCPStU1R0PKKVIT+P4m8H4cluwc8uQijSVLheOMm3nsFrOhPZ8n10Q8P11iSWC5MvRqpkRHoCYENQ=="
    }
  },
  "dependencies": {
    "wj-config": {
      "version": "2.0.0-beta.0",
      "resolved": "https://registry.npmjs.org/wj-config/-/wj-config-2.0.0-beta.0.tgz",
      "integrity": "sha512-m5LAAnX5VZCPStU1R0PKKVIT+P4m8H4cluwc8uQijSVLheOMm3nsFrOhPZ8n10Q8P11iSWC5MvRqpkRHoCYENQ=="
    }
  }
}