{
  "name": "pure-nodejs",
  "version": "1.0.0",
  "lockfileVersion": 2,
  "requires": true,
  "packages": {
    "": {
      "name": "pure-nodejs",
      "version": "1.0.0",
      "license": "ISC",
      "dependencies": {
        "wj-config": "^2.0.0-beta.0"
      }
    },
    "node_modules/wj-config": {
      "version": "2.0.0-beta.1",
      "resolved": "https://registry.npmjs.org/wj-config/-/wj-config-2.0.0-beta.1.tgz",
      "integrity": "sha512-8AmVEE4YJ2mnu25CNNtDjLAnymCDFI8DTNj8tjrqvKDIczwqYcC+l53rb5RY3u93dmj2P3MAfmzAcnSAcD7LTQ=="
    }
  },
  "dependencies": {
    "wj-config": {
      "version": "2.0.0-beta.1",
      "resolved": "https://registry.npmjs.org/wj-config/-/wj-config-2.0.0-beta.1.tgz",
      "integrity": "sha512-8AmVEE4YJ2mnu25CNNtDjLAnymCDFI8DTNj8tjrqvKDIczwqYcC+l53rb5RY3u93dmj2P3MAfmzAcnSAcD7LTQ=="
    }
  }
}
