{
  "name": "pure-nodejs",
  "version": "1.0.0",
  "lockfileVersion": 2,
  "requires": true,
  "packages": {
    "": {
      "name": "pure-nodejs",
      "version": "1.0.0",
      "license": "ISC",
      "dependencies": {
        "fs.promises.exists": "^1.1.4",
        "structured-log": "^0.2.0",
        "wj-config": "^2.0.0-rc.3"
      }
    },
    "node_modules/fs.promises.exists": {
      "version": "1.1.4",
      "resolved": "https://registry.npmjs.org/fs.promises.exists/-/fs.promises.exists-1.1.4.tgz",
      "integrity": "sha512-lJzUGWbZn8vhGWBedA+RYjB/BeJ+3458ljUfmplqhIeb6ewzTFWNPCR1HCiYCkXV9zxcHz9zXkJzMsEgDLzh3Q==",
      "funding": {
        "url": "https://github.com/privatenumber/fs.promises.exists?sponsor=1"
      }
    },
    "node_modules/structured-log": {
      "version": "0.2.0",
      "resolved": "https://registry.npmjs.org/structured-log/-/structured-log-0.2.0.tgz",
      "integrity": "sha512-W3Tps8PN5Mon37955/wuZZSXwBXiB52AUnd/oPVdmo+O+mLkr2fNajV6821gJ8irrgVQx3gYOqSWPMgj7Dy3Yg=="
    },
    "node_modules/wj-config": {
      "version": "2.0.0-rc.3",
      "resolved": "https://registry.npmjs.org/wj-config/-/wj-config-2.0.0-rc.3.tgz",
      "integrity": "sha512-NdzleAz2LnVB0w7AxkA8TH8OSIvSql3VNqanFJe2E+hRll1Uiz9W2ZOVgP3sVrY44MeqX/UpYjDUDMRb09kzAg==",
      "engines": {
        "node": ">=16.9.0"
      }
    }
  },
  "dependencies": {
    "fs.promises.exists": {
      "version": "1.1.4",
      "resolved": "https://registry.npmjs.org/fs.promises.exists/-/fs.promises.exists-1.1.4.tgz",
      "integrity": "sha512-lJzUGWbZn8vhGWBedA+RYjB/BeJ+3458ljUfmplqhIeb6ewzTFWNPCR1HCiYCkXV9zxcHz9zXkJzMsEgDLzh3Q=="
    },
    "structured-log": {
      "version": "0.2.0",
      "resolved": "https://registry.npmjs.org/structured-log/-/structured-log-0.2.0.tgz",
      "integrity": "sha512-W3Tps8PN5Mon37955/wuZZSXwBXiB52AUnd/oPVdmo+O+mLkr2fNajV6821gJ8irrgVQx3gYOqSWPMgj7Dy3Yg=="
    },
    "wj-config": {
      "version": "2.0.0-rc.3",
      "resolved": "https://registry.npmjs.org/wj-config/-/wj-config-2.0.0-rc.3.tgz",
      "integrity": "sha512-NdzleAz2LnVB0w7AxkA8TH8OSIvSql3VNqanFJe2E+hRll1Uiz9W2ZOVgP3sVrY44MeqX/UpYjDUDMRb09kzAg=="
    }
  }
}
